
Microsoft Visual Studio Solution File, Format Version 12.00
# Visual Studio Version 16
VisualStudioVersion = 16.0.31005.135
MinimumVisualStudioVersion = 10.0.40219.1
Project("{9A19103F-16F7-4668-BE54-9A1E7A4F7556}") = "Docu", "Docu.Console\Docu.csproj", "{2FB9E7C3-B602-4343-B510-9C8DBFC7B8FD}"
EndProject
Project("{9A19103F-16F7-4668-BE54-9A1E7A4F7556}") = "Docu.Tests", "Docu.Tests\Docu.Tests.csproj", "{76E3611F-A908-4A1B-8673-A221DD8C5301}"
EndProject
Project("{2150E333-8FDC-42A3-9474-1A3956D46DE8}") = "Repo", "Repo", "{B640B27D-2F05-41FD-900E-FCADCDD427ED}"
	ProjectSection(SolutionItems) = preProject
		.editorconfig = .editorconfig
	EndProjectSection
EndProject
Global
	GlobalSection(SolutionConfigurationPlatforms) = preSolution
		Debug|Any CPU = Debug|Any CPU
		Release|Any CPU = Release|Any CPU
	EndGlobalSection
	GlobalSection(ProjectConfigurationPlatforms) = postSolution
		{2FB9E7C3-B602-4343-B510-9C8DBFC7B8FD}.Debug|Any CPU.ActiveCfg = Debug|Any CPU
		{2FB9E7C3-B602-4343-B510-9C8DBFC7B8FD}.Debug|Any CPU.Build.0 = Debug|Any CPU
		{2FB9E7C3-B602-4343-B510-9C8DBFC7B8FD}.Release|Any CPU.ActiveCfg = Release|Any CPU
		{2FB9E7C3-B602-4343-B510-9C8DBFC7B8FD}.Release|Any CPU.Build.0 = Release|Any CPU
		{76E3611F-A908-4A1B-8673-A221DD8C5301}.Debug|Any CPU.ActiveCfg = Debug|Any CPU
		{76E3611F-A908-4A1B-8673-A221DD8C5301}.Debug|Any CPU.Build.0 = Debug|Any CPU
		{76E3611F-A908-4A1B-8673-A221DD8C5301}.Release|Any CPU.ActiveCfg = Release|Any CPU
		{76E3611F-A908-4A1B-8673-A221DD8C5301}.Release|Any CPU.Build.0 = Release|Any CPU
	EndGlobalSection
	GlobalSection(SolutionProperties) = preSolution
		HideSolutionNode = FALSE
	EndGlobalSection
	GlobalSection(ExtensibilityGlobals) = postSolution
		SolutionGuid = {78A94AA5-3C4B-4B23-A3C8-9C82C02336F4}
	EndGlobalSection
EndGlobal
